{
  "version": 4,
  "terraform_version": "1.11.4",
  "serial": 15,
  "lineage": "0a897aa2-591a-0a5f-e7f0-60b5de83c2a1",
  "outputs": {},
  "resources": [
    {
      "module": "module.eks_addons",
      "mode": "managed",
      "type": "aws_eks_addon",
      "name": "coredns",
      "provider": "provider[\"registry.terraform.io/hashicorp/aws\"]",
      "instances": [
        {
          "status": "tainted",
          "schema_version": 0,
          "attributes": {
            "addon_name": "coredns",
            "addon_version": "v1.11.3-eksbuild.2",
            "arn": null,
            "cluster_name": "ht-prod-cluster",
            "configuration_values": null,
            "created_at": null,
            "id": "ht-prod-cluster:coredns",
            "modified_at": null,
            "pod_identity_association": [],
            "preserve": null,
            "region": "ap-south-1",
            "resolve_conflicts_on_create": null,
            "resolve_conflicts_on_update": null,
            "service_account_role_arn": null,
            "tags": null,
            "tags_all": null,
            "timeouts": null
          },
          "sensitive_attributes": [],
          "private": "eyJlMmJmYjczMC1lY2FhLTExZTYtOGY4OC0zNDM2M2JjN2M0YzAiOnsiY3JlYXRlIjoxMjAwMDAwMDAwMDAwLCJkZWxldGUiOjI0MDAwMDAwMDAwMDAsInVwZGF0ZSI6MTIwMDAwMDAwMDAwMH19"
        }
      ]
    },
    {
      "module": "module.eks_addons",
      "mode": "managed",
      "type": "aws_eks_addon",
      "name": "kube_proxy",
      "provider": "provider[\"registry.terraform.io/hashicorp/aws\"]",
      "instances": [
        {
          "schema_version": 0,
          "attributes": {
            "addon_name": "kube-proxy",
            "addon_version": "v1.32.0-eksbuild.2",
            "arn": "arn:aws:eks:ap-south-1:577327405900:addon/ht-prod-cluster/kube-proxy/e8cc80a1-bc6d-4df2-dfec-963118070f57",
            "cluster_name": "ht-prod-cluster",
            "configuration_values": "",
            "created_at": "2025-08-31T17:53:43Z",
            "id": "ht-prod-cluster:kube-proxy",
            "modified_at": "2025-08-31T18:12:26Z",
            "pod_identity_association": [],
            "preserve": null,
            "region": "ap-south-1",
            "resolve_conflicts_on_create": null,
            "resolve_conflicts_on_update": null,
            "service_account_role_arn": "",
            "tags": {},
            "tags_all": {},
            "timeouts": null
          },
          "sensitive_attributes": [],
          "private": "eyJlMmJmYjczMC1lY2FhLTExZTYtOGY4OC0zNDM2M2JjN2M0YzAiOnsiY3JlYXRlIjoxMjAwMDAwMDAwMDAwLCJkZWxldGUiOjI0MDAwMDAwMDAwMDAsInVwZGF0ZSI6MTIwMDAwMDAwMDAwMH19"
        }
      ]
    },
    {
      "module": "module.eks_addons",
      "mode": "managed",
      "type": "aws_eks_addon",
      "name": "pod_identity_agent",
      "provider": "provider[\"registry.terraform.io/hashicorp/aws\"]",
      "instances": [
        {
          "schema_version": 0,
          "attributes": {
            "addon_name": "eks-pod-identity-agent",
            "addon_version": "v1.3.8-eksbuild.2",
            "arn": "arn:aws:eks:ap-south-1:577327405900:addon/ht-prod-cluster/eks-pod-identity-agent/9acc80a7-fc9c-df8e-95dd-b631660edcbb",
            "cluster_name": "ht-prod-cluster",
            "configuration_values": "",
            "created_at": "2025-08-31T18:07:22Z",
            "id": "ht-prod-cluster:eks-pod-identity-agent",
            "modified_at": "2025-08-31T18:07:28Z",
            "pod_identity_association": [],
            "preserve": null,
            "region": "ap-south-1",
            "resolve_conflicts_on_create": null,
            "resolve_conflicts_on_update": null,
            "service_account_role_arn": "",
            "tags": {},
            "tags_all": {},
            "timeouts": null
          },
          "sensitive_attributes": [],
          "private": "eyJlMmJmYjczMC1lY2FhLTExZTYtOGY4OC0zNDM2M2JjN2M0YzAiOnsiY3JlYXRlIjoxMjAwMDAwMDAwMDAwLCJkZWxldGUiOjI0MDAwMDAwMDAwMDAsInVwZGF0ZSI6MTIwMDAwMDAwMDAwMH19"
        }
      ]
    },
    {
      "module": "module.eks_addons",
      "mode": "managed",
      "type": "aws_eks_addon",
      "name": "vpc_cni",
      "provider": "provider[\"registry.terraform.io/hashicorp/aws\"]",
      "instances": [
        {
          "schema_version": 0,
          "attributes": {
            "addon_name": "vpc-cni",
            "addon_version": "v1.20.0-eksbuild.1",
            "arn": "arn:aws:eks:ap-south-1:577327405900:addon/ht-prod-cluster/vpc-cni/e2cc80a1-bc6e-3d71-6989-66a018cf7f50",
            "cluster_name": "ht-prod-cluster",
            "configuration_values": "",
            "created_at": "2025-08-31T17:53:43Z",
            "id": "ht-prod-cluster:vpc-cni",
            "modified_at": "2025-08-31T18:12:16Z",
            "pod_identity_association": [],
            "preserve": null,
            "region": "ap-south-1",
            "resolve_conflicts_on_create": null,
            "resolve_conflicts_on_update": null,
            "service_account_role_arn": "",
            "tags": {},
            "tags_all": {},
            "timeouts": null
          },
          "sensitive_attributes": [],
          "private": "eyJlMmJmYjczMC1lY2FhLTExZTYtOGY4OC0zNDM2M2JjN2M0YzAiOnsiY3JlYXRlIjoxMjAwMDAwMDAwMDAwLCJkZWxldGUiOjI0MDAwMDAwMDAwMDAsInVwZGF0ZSI6MTIwMDAwMDAwMDAwMH19"
        }
      ]
    }
  ],
  "check_results": null
}
